Microsoft Visual Studio Solution File, Format Version 12.00
# Visual Studio Version 17
VisualStudioVersion = 17.5.2.0
MinimumVisualStudioVersion = 10.0.40219.1
Project("{FAE04EC0-301F-11D3-BF4B-00C04F79EFBC}") = "BlazorWeb", "BlazorWeb\BlazorWeb.csproj", "{C66A659F-6FF6-0DD4-212F-18CD1948060C}"
EndProject
Global
	GlobalSection(SolutionConfigurationPlatforms) = preSolution
		Debug|Any CPU = Debug|Any CPU
		Release|Any CPU = Release|Any CPU
	EndGlobalSection
	GlobalSection(ProjectConfigurationPlatforms) = postSolution
		{C66A659F-6FF6-0DD4-212F-18CD1948060C}.Debug|Any CPU.ActiveCfg = Debug|Any CPU
		{C66A659F-6FF6-0DD4-212F-18CD1948060C}.Debug|Any CPU.Build.0 = Debug|Any CPU
		{C66A659F-6FF6-0DD4-212F-18CD1948060C}.Release|Any CPU.ActiveCfg = Release|Any CPU
		{C66A659F-6FF6-0DD4-212F-18CD1948060C}.Release|Any CPU.Build.0 = Release|Any CPU
	EndGlobalSection
	GlobalSection(SolutionProperties) = preSolution
		HideSolutionNode = FALSE
	EndGlobalSection
	GlobalSection(ExtensibilityGlobals) = postSolution
		SolutionGuid = {0819A02D-C307-4EDE-8323-5D4EF1679CD6}
	EndGlobalSection
EndGlobal
