Microsoft Visual Studio Solution File, Format Version 12.00
# Visual Studio Version 17
VisualStudioVersion = 17.5.2.0
MinimumVisualStudioVersion = 10.0.40219.1
Project("{FAE04EC0-301F-11D3-BF4B-00C04F79EFBC}") = "BlazorWeb", "BlazorWeb.csproj", "{31714631-F1BE-129C-EB4E-BC6A2CC2EE59}"
EndProject
Global
	GlobalSection(SolutionConfigurationPlatforms) = preSolution
		Debug|Any CPU = Debug|Any CPU
		Release|Any CPU = Release|Any CPU
	EndGlobalSection
	GlobalSection(ProjectConfigurationPlatforms) = postSolution
		{31714631-F1BE-129C-EB4E-BC6A2CC2EE59}.Debug|Any CPU.ActiveCfg = Debug|Any CPU
		{31714631-F1BE-129C-EB4E-BC6A2CC2EE59}.Debug|Any CPU.Build.0 = Debug|Any CPU
		{31714631-F1BE-129C-EB4E-BC6A2CC2EE59}.Release|Any CPU.ActiveCfg = Release|Any CPU
		{31714631-F1BE-129C-EB4E-BC6A2CC2EE59}.Release|Any CPU.Build.0 = Release|Any CPU
	EndGlobalSection
	GlobalSection(SolutionProperties) = preSolution
		HideSolutionNode = FALSE
	EndGlobalSection
	GlobalSection(ExtensibilityGlobals) = postSolution
		SolutionGuid = {1A947033-EFA5-4A1E-B93C-E4EF82E9E1BC}
	EndGlobalSection
EndGlobal
