
Microsoft Visual Studio Solution File, Format Version 12.00
# Visual Studio Version 17
VisualStudioVersion = 17.13.35828.75 d17.13
MinimumVisualStudioVersion = 10.0.40219.1
Project("{FAE04EC0-301F-11D3-BF4B-00C04F79EFBC}") = "web.personalweb", "web.personalweb\web.personalweb.csproj", "{45EDDC1A-618B-4516-B100-4FBEAFB5AE0A}"
EndProject
Global
	GlobalSection(SolutionConfigurationPlatforms) = preSolution
		Debug|Any CPU = Debug|Any CPU
		Release|Any CPU = Release|Any CPU
	EndGlobalSection
	GlobalSection(ProjectConfigurationPlatforms) = postSolution
		{45EDDC1A-618B-4516-B100-4FBEAFB5AE0A}.Debug|Any CPU.ActiveCfg = Debug|Any CPU
		{45EDDC1A-618B-4516-B100-4FBEAFB5AE0A}.Debug|Any CPU.Build.0 = Debug|Any CPU
		{45EDDC1A-618B-4516-B100-4FBEAFB5AE0A}.Release|Any CPU.ActiveCfg = Release|Any CPU
		{45EDDC1A-618B-4516-B100-4FBEAFB5AE0A}.Release|Any CPU.Build.0 = Release|Any CPU
	EndGlobalSection
	GlobalSection(SolutionProperties) = preSolution
		HideSolutionNode = FALSE
	EndGlobalSection
	GlobalSection(ExtensibilityGlobals) = postSolution
		SolutionGuid = {17B18CBE-899A-479A-8F4E-713241C211F6}
	EndGlobalSection
EndGlobal
